
Microsoft Visual Studio Solution File, Format Version 12.00
# Visual Studio Version 17
VisualStudioVersion = 17.7.34031.279
MinimumVisualStudioVersion = 10.0.40219.1
Project("{FAE04EC0-301F-11D3-BF4B-00C04F79EFBC}") = "CoastalErosion", "CoastalErosion_OOP3\CoastalErosion.csproj", "{71BC2E6E-30C4-4E7B-8442-6248C94946BA}"
EndProject
Global
	GlobalSection(SolutionConfigurationPlatforms) = preSolution
		Debug|Any CPU = Debug|Any CPU
		Release|Any CPU = Release|Any CPU
	EndGlobalSection
	GlobalSection(ProjectConfigurationPlatforms) = postSolution
		{71BC2E6E-30C4-4E7B-8442-6248C94946BA}.Debug|Any CPU.ActiveCfg = Debug|Any CPU
		{71BC2E6E-30C4-4E7B-8442-6248C94946BA}.Debug|Any CPU.Build.0 = Debug|Any CPU
		{71BC2E6E-30C4-4E7B-8442-6248C94946BA}.Release|Any CPU.ActiveCfg = Release|Any CPU
		{71BC2E6E-30C4-4E7B-8442-6248C94946BA}.Release|Any CPU.Build.0 = Release|Any CPU
	EndGlobalSection
	GlobalSection(SolutionProperties) = preSolution
		HideSolutionNode = FALSE
	EndGlobalSection
	GlobalSection(ExtensibilityGlobals) = postSolution
		SolutionGuid = {01E9CBD8-55DE-45D2-83C6-06FBCC807381}
	EndGlobalSection
EndGlobal
